// !$*UTF8*$!
{
	archiveVersion = 1;
	classes = {
	};
	objectVersion = 46;
	objects = {

/* Begin PBXBuildFile section */
		6D2A71241B0DB09900D4B51E /* main.m in Sources */ = {isa = PBXBuildFile; fileRef = 6D2A71231B0DB09900D4B51E /* main.m */; };
		6D2A71271B0DB09900D4B51E /* AppDelegate.m in Sources */ = {isa = PBXBuildFile; fileRef = 6D2A71261B0DB09900D4B51E /* AppDelegate.m */; };
		6D2A712A1B0DB09A00D4B51E /* ViewController.m in Sources */ = {isa = PBXBuildFile; fileRef = 6D2A71291B0DB09A00D4B51E /* ViewController.m */; };
		6D2A712D1B0DB09A00D4B51E /* Main.storyboard in Resources */ = {isa = PBXBuildFile; fileRef = 6D2A712B1B0DB09A00D4B51E /* Main.storyboard */; };
		6D2A712F1B0DB09A00D4B51E /* Images.xcassets in Resources */ = {isa = PBXBuildFile; fileRef = 6D2A712E1B0DB09A00D4B51E /* Images.xcassets */; };
		6D2A71321B0DB09A00D4B51E /* LaunchScreen.xib in Resources */ = {isa = PBXBuildFile; fileRef = 6D2A71301B0DB09A00D4B51E /* LaunchScreen.xib */; };
		6D2A713E1B0DB09A00D4B51E /* Ironwood_BranchTests.m in Sources */ = {isa = PBXBuildFile; fileRef = 6D2A713D1B0DB09A00D4B51E /* Ironwood_BranchTests.m */; };
/* End PBXBuildFile section */

/* Begin PBXContainerItemProxy section */
		6D2A71381B0DB09A00D4B51E /* PBXContainerItemProxy */ = {
			isa = PBXContainerItemProxy;
			containerPortal = 6D2A71161B0DB09900D4B51E /* Project object */;
			proxyType = 1;
			remoteGlobalIDString = 6D2A711D1B0DB09900D4B51E;
			remoteInfo = "Ironwood-Branch";
		};
/* End PBXContainerItemProxy section */

/* Begin PBXFileReference section */
		6D2A711E1B0DB09900D4B51E /* Ironwood-Branch.app */ = {isa = PBXFileReference; explicitFileType = wrapper.application; includeInIndex = 0; path = "Ironwood-Branch.app"; sourceTree = BUILT_PRODUCTS_DIR; };
		6D2A71221B0DB09900D4B51E /* Info.plist */ = {isa = PBXFileReference; lastKnownFileType = text.plist.xml; path = Info.plist; sourceTree = "<group>"; };
		6D2A71231B0DB09900D4B51E /* main.m */ = {isa = PBXFileReference; lastKnownFileType = sourcecode.c.objc; path = main.m; sourceTree = "<group>"; };
		6D2A71251B0DB09900D4B51E /* AppDelegate.h */ = {isa = PBXFileReference; lastKnownFileType = sourcecode.c.h; path = AppDelegate.h; sourceTree = "<group>"; };
		6D2A71261B0DB09900D4B51E /* AppDelegate.m */ = {isa = PBXFileReference; lastKnownFileType = sourcecode.c.objc; path = AppDelegate.m; sourceTree = "<group>"; };
		6D2A71281B0DB09900D4B51E /* ViewController.h */ = {isa = PBXFileReference; lastKnownFileType = sourcecode.c.h; path = ViewController.h; sourceTree = "<group>"; };
		6D2A71291B0DB09A00D4B51E /* ViewController.m */ = {isa = PBXFileReference; lastKnownFileType = sourcecode.c.objc; path = ViewController.m; sourceTree = "<group>"; };
		6D2A712C1B0DB09A00D4B51E /* Base */ = {isa = PBXFileReference; lastKnownFileType = file.storyboard; name = Base; path = Base.lproj/Main.storyboard; sourceTree = "<group>"; };
		6D2A712E1B0DB09A00D4B51E /* Images.xcassets */ = {isa = PBXFileReference; lastKnownFileType = folder.assetcatalog; path = Images.xcassets; sourceTree = "<group>"; };
		6D2A71311B0DB09A00D4B51E /* Base */ = {isa = PBXFileReference; lastKnownFileType = file.xib; name = Base; path = Base.lproj/LaunchScreen.xib; sourceTree = "<group>"; };
		6D2A71371B0DB09A00D4B51E /* Ironwood-BranchTests.xctest */ = {isa = PBXFileReference; explicitFileType = wrapper.cfbundle; includeInIndex = 0; path = "Ironwood-BranchTests.xctest"; sourceTree = BUILT_PRODUCTS_DIR; };
		6D2A713C1B0DB09A00D4B51E /* Info.plist */ = {isa = PBXFileReference; lastKnownFileType = text.plist.xml; path = Info.plist; sourceTree = "<group>"; };
		6D2A713D1B0DB09A00D4B51E /* Ironwood_BranchTests.m */ = {isa = PBXFileReference; lastKnownFileType = sourcecode.c.objc; path = Ironwood_BranchTests.m; sourceTree = "<group>"; };
/* End PBXFileReference section */

/* Begin PBXFrameworksBuildPhase section */
		6D2A711B1B0DB09900D4B51E /* Frameworks */ = {
			isa = PBXFrameworksBuildPhase;
			buildActionMask = 2147483647;
			files = (
			);
			runOnlyForDeploymentPostprocessing = 0;
		};
		6D2A71341B0DB09A00D4B51E /* Frameworks */ = {
			isa = PBXFrameworksBuildPhase;
			buildActionMask = 2147483647;
			files = (
			);
			runOnlyForDeploymentPostprocessing = 0;
		};
/* End PBXFrameworksBuildPhase section */

/* Begin PBXGroup section */
		6D2A71151B0DB09900D4B51E = {
			isa = PBXGroup;
			children = (
				6D2A71201B0DB09900D4B51E /* Ironwood-Branch */,
				6D2A713A1B0DB09A00D4B51E /* Ironwood-BranchTests */,
				6D2A711F1B0DB09900D4B51E /* Products */,
			);
			sourceTree = "<group>";
		};
		6D2A711F1B0DB09900D4B51E /* Products */ = {
			isa = PBXGroup;
			children = (
				6D2A711E1B0DB09900D4B51E /* Ironwood-Branch.app */,
				6D2A71371B0DB09A00D4B51E /* Ironwood-BranchTests.xctest */,
			);
			name = Products;
			sourceTree = "<group>";
		};
		6D2A71201B0DB09900D4B51E /* Ironwood-Branch */ = {
			isa = PBXGroup;
			children = (
				6D2A71251B0DB09900D4B51E /* AppDelegate.h */,
				6D2A71261B0DB09900D4B51E /* AppDelegate.m */,
				6D2A71281B0DB09900D4B51E /* ViewController.h */,
				6D2A71291B0DB09A00D4B51E /* ViewController.m */,
				6D2A712B1B0DB09A00D4B51E /* Main.storyboard */,
				6D2A712E1B0DB09A00D4B51E /* Images.xcassets */,
				6D2A71301B0DB09A00D4B51E /* LaunchScreen.xib */,
				6D2A71211B0DB09900D4B51E /* Supporting Files */,
			);
			path = "Ironwood-Branch";
			sourceTree = "<group>";
		};
		6D2A71211B0DB09900D4B51E /* Supporting Files */ = {
			isa = PBXGroup;
			children = (
				6D2A71221B0DB09900D4B51E /* Info.plist */,
				6D2A71231B0DB09900D4B51E /* main.m */,
			);
			name = "Supporting Files";
			sourceTree = "<group>";
		};
		6D2A713A1B0DB09A00D4B51E /* Ironwood-BranchTests */ = {
			isa = PBXGroup;
			children = (
				6D2A713D1B0DB09A00D4B51E /* Ironwood_BranchTests.m */,
				6D2A713B1B0DB09A00D4B51E /* Supporting Files */,
			);
			path = "Ironwood-BranchTests";
			sourceTree = "<group>";
		};
		6D2A713B1B0DB09A00D4B51E /* Supporting Files */ = {
			isa = PBXGroup;
			children = (
				6D2A713C1B0DB09A00D4B51E /* Info.plist */,
			);
			name = "Supporting Files";
			sourceTree = "<group>";
		};
/* End PBXGroup section */

/* Begin PBXNativeTarget section */
		6D2A711D1B0DB09900D4B51E /* Ironwood-Branch */ = {
			isa = PBXNativeTarget;
			buildConfigurationList = 6D2A71411B0DB09A00D4B51E /* Build configuration list for PBXNativeTarget "Ironwood-Branch" */;
			buildPhases = (
				6D2A711A1B0DB09900D4B51E /* Sources */,
				6D2A711B1B0DB09900D4B51E /* Frameworks */,
				6D2A711C1B0DB09900D4B51E /* Resources */,
			);
			buildRules = (
			);
			dependencies = (
			);
			name = "Ironwood-Branch";
			productName = "Ironwood-Branch";
			productReference = 6D2A711E1B0DB09900D4B51E /* Ironwood-Branch.app */;
			productType = "com.apple.product-type.application";
		};
		6D2A71361B0DB09A00D4B51E /* Ironwood-BranchTests */ = {
			isa = PBXNativeTarget;
			buildConfigurationList = 6D2A71441B0DB09A00D4B51E /* Build configuration list for PBXNativeTarget "Ironwood-BranchTests" */;
			buildPhases = (
				6D2A71331B0DB09A00D4B51E /* Sources */,
				6D2A71341B0DB09A00D4B51E /* Frameworks */,
				6D2A71351B0DB09A00D4B51E /* Resources */,
			);
			buildRules = (
			);
			dependencies = (
				6D2A71391B0DB09A00D4B51E /* PBXTargetDependency */,
			);
			name = "Ironwood-BranchTests";
			productName = "Ironwood-BranchTests";
			productReference = 6D2A71371B0DB09A00D4B51E /* Ironwood-BranchTests.xctest */;
			productType = "com.apple.product-type.bundle.unit-test";
		};
/* End PBXNativeTarget section */

/* Begin PBXProject section */
		6D2A71161B0DB09900D4B51E /* Project object */ = {
			isa = PBXProject;
			attributes = {
				LastUpgradeCheck = 0610;
				ORGANIZATIONNAME = "琦张";
				TargetAttributes = {
					6D2A711D1B0DB09900D4B51E = {
						CreatedOnToolsVersion = 6.1.1;
					};
					6D2A71361B0DB09A00D4B51E = {
						CreatedOnToolsVersion = 6.1.1;
						TestTargetID = 6D2A711D1B0DB09900D4B51E;
					};
				};
			};
			buildConfigurationList = 6D2A71191B0DB09900D4B51E /* Build configuration list for PBXProject "Ironwood-Branch" */;
			compatibilityVersion = "Xcode 3.2";
			developmentRegion = English;
			hasScannedForEncodings = 0;
			knownRegions = (
				en,
				Base,
			);
			mainGroup = 6D2A71151B0DB09900D4B51E;
			productRefGroup = 6D2A711F1B0DB09900D4B51E /* Products */;
			projectDirPath = "";
			projectRoot = "";
			targets = (
				6D2A711D1B0DB09900D4B51E /* Ironwood-Branch */,
				6D2A71361B0DB09A00D4B51E /* Ironwood-BranchTests */,
			);
		};
/* End PBXProject section */

/* Begin PBXResourcesBuildPhase section */
		6D2A711C1B0DB09900D4B51E /* Resources */ = {
			isa = PBXResourcesBuildPhase;
			buildActionMask = 2147483647;
			files = (
				6D2A712D1B0DB09A00D4B51E /* Main.storyboard in Resources */,
				6D2A71321B0DB09A00D4B51E /* LaunchScreen.xib in Resources */,
				6D2A712F1B0DB09A00D4B51E /* Images.xcassets in Resources */,
			);
			runOnlyForDeploymentPostprocessing = 0;
		};
		6D2A71351B0DB09A00D4B51E /* Resources */ = {
			isa = PBXResourcesBuildPhase;
			buildActionMask = 2147483647;
			files = (
			);
			runOnlyForDeploymentPostprocessing = 0;
		};
/* End PBXResourcesBuildPhase section */

/* Begin PBXSourcesBuildPhase section */
		6D2A711A1B0DB09900D4B51E /* Sources */ = {
			isa = PBXSourcesBuildPhase;
			buildActionMask = 2147483647;
			files = (
				6D2A712A1B0DB09A00D4B51E /* ViewController.m in Sources */,
				6D2A71271B0DB09900D4B51E /* AppDelegate.m in Sources */,
				6D2A71241B0DB09900D4B51E /* main.m in Sources */,
			);
			runOnlyForDeploymentPostprocessing = 0;
		};
		6D2A71331B0DB09A00D4B51E /* Sources */ = {
			isa = PBXSourcesBuildPhase;
			buildActionMask = 2147483647;
			files = (
				6D2A713E1B0DB09A00D4B51E /* Ironwood_BranchTests.m in Sources */,
			);
			runOnlyForDeploymentPostprocessing = 0;
		};
/* End PBXSourcesBuildPhase section */

/* Begin PBXTargetDependency section */
		6D2A71391B0DB09A00D4B51E /* PBXTargetDependency */ = {
			isa = PBXTargetDependency;
			target = 6D2A711D1B0DB09900D4B51E /* Ironwood-Branch */;
			targetProxy = 6D2A71381B0DB09A00D4B51E /* PBXContainerItemProxy */;
		};
/* End PBXTargetDependency section */

/* Begin PBXVariantGroup section */
		6D2A712B1B0DB09A00D4B51E /* Main.storyboard */ = {
			isa = PBXVariantGroup;
			children = (
				6D2A712C1B0DB09A00D4B51E /* Base */,
			);
			name = Main.storyboard;
			sourceTree = "<group>";
		};
		6D2A71301B0DB09A00D4B51E /* LaunchScreen.xib */ = {
			isa = PBXVariantGroup;
			children = (
				6D2A71311B0DB09A00D4B51E /* Base */,
			);
			name = LaunchScreen.xib;
			sourceTree = "<group>";
		};
/* End PBXVariantGroup section */

/* Begin XCBuildConfiguration section */
		6D2A713F1B0DB09A00D4B51E /* Debug */ = {
			isa = XCBuildConfiguration;
			buildSettings = {
				ALWAYS_SEARCH_USER_PATHS = NO;
				CLANG_CXX_LANGUAGE_STANDARD = "gnu++0x";
				CLANG_CXX_LIBRARY = "libc++";
				CLANG_ENABLE_MODULES = YES;
				CLANG_ENABLE_OBJC_ARC = YES;
				CLANG_WARN_BOOL_CONVERSION = YES;
				CLANG_WARN_CONSTANT_CONVERSION = YES;
				CLANG_WARN_DIRECT_OBJC_ISA_USAGE = YES_ERROR;
				CLANG_WARN_EMPTY_BODY = YES;
				CLANG_WARN_ENUM_CONVERSION = YES;
				CLANG_WARN_INT_CONVERSION = YES;
				CLANG_WARN_OBJC_ROOT_CLASS = YES_ERROR;
				CLANG_WARN_UNREACHABLE_CODE = YES;
				CLANG_WARN__DUPLICATE_METHOD_MATCH = YES;
				"CODE_SIGN_IDENTITY[sdk=iphoneos*]" = "iPhone Developer";
				COPY_PHASE_STRIP = NO;
				ENABLE_STRICT_OBJC_MSGSEND = YES;
				GCC_C_LANGUAGE_STANDARD = gnu99;
				GCC_DYNAMIC_NO_PIC = NO;
				GCC_OPTIMIZATION_LEVEL = 0;
				GCC_PREPROCESSOR_DEFINITIONS = (
					"DEBUG=1",
					"$(inherited)",
				);
				GCC_SYMBOLS_PRIVATE_EXTERN = NO;
				GCC_WARN_64_TO_32_BIT_CONVERSION = YES;
				GCC_WARN_ABOUT_RETURN_TYPE = YES_ERROR;
				GCC_WARN_UNDECLARED_SELECTOR = YES;
				GCC_WARN_UNINITIALIZED_AUTOS = YES_AGGRESSIVE;
				GCC_WARN_UNUSED_FUNCTION = YES;
				GCC_WARN_UNUSED_VARIABLE = YES;
				IPHONEOS_DEPLOYMENT_TARGET = 8.1;
				MTL_ENABLE_DEBUG_INFO = YES;
				ONLY_ACTIVE_ARCH = YES;
				SDKROOT = iphoneos;
			};
			name = Debug;
		};
		6D2A71401B0DB09A00D4B51E /* Release */ = {
			isa = XCBuildConfiguration;
			buildSettings = {
				ALWAYS_SEARCH_USER_PATHS = NO;
				CLANG_CXX_LANGUAGE_STANDARD = "gnu++0x";
				CLANG_CXX_LIBRARY = "libc++";
				CLANG_ENABLE_MODULES = YES;
				CLANG_ENABLE_OBJC_ARC = YES;
				CLANG_WARN_BOOL_CONVERSION = YES;
				CLANG_WARN_CONSTANT_CONVERSION = YES;
				CLANG_WARN_DIRECT_OBJC_ISA_USAGE = YES_ERROR;
				CLANG_WARN_EMPTY_BODY = YES;
				CLANG_WARN_ENUM_CONVERSION = YES;
				CLANG_WARN_INT_CONVERSION = YES;
				CLANG_WARN_OBJC_ROOT_CLASS = YES_ERROR;
				CLANG_WARN_UNREACHABLE_CODE = YES;
				CLANG_WARN__DUPLICATE_METHOD_MATCH = YES;
				"CODE_SIGN_IDENTITY[sdk=iphoneos*]" = "iPhone Developer";
				COPY_PHASE_STRIP = YES;
				ENABLE_NS_ASSERTIONS = NO;
				ENABLE_STRICT_OBJC_MSGSEND = YES;
				GCC_C_LANGUAGE_STANDARD = gnu99;
				GCC_WARN_64_TO_32_BIT_CONVERSION = YES;
				GCC_WARN_ABOUT_RETURN_TYPE = YES_ERROR;
				GCC_WARN_UNDECLARED_SELECTOR = YES;
				GCC_WARN_UNINITIALIZED_AUTOS = YES_AGGRESSIVE;
				GCC_WARN_UNUSED_FUNCTION = YES;
				GCC_WARN_UNUSED_VARIABLE = YES;
				IPHONEOS_DEPLOYMENT_TARGET = 8.1;
				MTL_ENABLE_DEBUG_INFO = NO;
				SDKROOT = iphoneos;
				VALIDATE_PRODUCT = YES;
			};
			name = Release;
		};
		6D2A71421B0DB09A00D4B51E /* Debug */ = {
			isa = XCBuildConfiguration;
			buildSettings = {
				ASSETCATALOG_COMPILER_APPICON_NAME = AppIcon;
				INFOPLIST_FILE = "Ironwood-Branch/Info.plist";
				LD_RUNPATH_SEARCH_PATHS = "$(inherited) @executable_path/Frameworks";
				PRODUCT_NAME = "$(TARGET_NAME)";
			};
			name = Debug;
		};
		6D2A71431B0DB09A00D4B51E /* Release */ = {
			isa = XCBuildConfiguration;
			buildSettings = {
				ASSETCATALOG_COMPILER_APPICON_NAME = AppIcon;
				INFOPLIST_FILE = "Ironwood-Branch/Info.plist";
				LD_RUNPATH_SEARCH_PATHS = "$(inherited) @executable_path/Frameworks";
				PRODUCT_NAME = "$(TARGET_NAME)";
			};
			name = Release;
		};
		6D2A71451B0DB09A00D4B51E /* Debug */ = {
			isa = XCBuildConfiguration;
			buildSettings = {
				BUNDLE_LOADER = "$(TEST_HOST)";
				FRAMEWORK_SEARCH_PATHS = (
					"$(SDKROOT)/Developer/Library/Frameworks",
					"$(inherited)",
				);
				GCC_PREPROCESSOR_DEFINITIONS = (
					"DEBUG=1",
					"$(inherited)",
				);
				INFOPLIST_FILE = "Ironwood-BranchTests/Info.plist";
				LD_RUNPATH_SEARCH_PATHS = "$(inherited) @executable_path/Frameworks @loader_path/Frameworks";
				PRODUCT_NAME = "$(TARGET_NAME)";
				TEST_HOST = "$(BUILT_PRODUCTS_DIR)/Ironwood-Branch.app/Ironwood-Branch";
			};
			name = Debug;
		};
		6D2A71461B0DB09A00D4B51E /* Release */ = {
			isa = XCBuildConfiguration;
			buildSettings = {
				BUNDLE_LOADER = "$(TEST_HOST)";
				FRAMEWORK_SEARCH_PATHS = (
					"$(SDKROOT)/Developer/Library/Frameworks",
					"$(inherited)",
				);
				INFOPLIST_FILE = "Ironwood-BranchTests/Info.plist";
				LD_RUNPATH_SEARCH_PATHS = "$(inherited) @executable_path/Frameworks @loader_path/Frameworks";
				PRODUCT_NAME = "$(TARGET_NAME)";
				TEST_HOST = "$(BUILT_PRODUCTS_DIR)/Ironwood-Branch.app/Ironwood-Branch";
			};
			name = Release;
		};
/* End XCBuildConfiguration section */

/* Begin XCConfigurationList section */
		6D2A71191B0DB09900D4B51E /* Build configuration list for PBXProject "Ironwood-Branch" */ = {
			isa = XCConfigurationList;
			buildConfigurations = (
				6D2A713F1B0DB09A00D4B51E /* Debug */,
				6D2A71401B0DB09A00D4B51E /* Release */,
			);
			defaultConfigurationIsVisible = 0;
			defaultConfigurationName = Release;
		};
		6D2A71411B0DB09A00D4B51E /* Build configuration list for PBXNativeTarget "Ironwood-Branch" */ = {
			isa = XCConfigurationList;
			buildConfigurations = (
				6D2A71421B0DB09A00D4B51E /* Debug */,
				6D2A71431B0DB09A00D4B51E /* Release */,
			);
			defaultConfigurationIsVisible = 0;
		};
		6D2A71441B0DB09A00D4B51E /* Build configuration list for PBXNativeTarget "Ironwood-BranchTests" */ = {
			isa = XCConfigurationList;
			buildConfigurations = (
				6D2A71451B0DB09A00D4B51E /* Debug */,
				6D2A71461B0DB09A00D4B51E /* Release */,
			);
			defaultConfigurationIsVisible = 0;
		};
/* End XCConfigurationList section */
	};
	rootObject = 6D2A71161B0DB09900D4B51E /* Project object */;
}
